
Microsoft Visual Studio Solution File, Format Version 12.00
# Visual Studio Version 17
VisualStudioVersion = 17.12.35209.166
MinimumVisualStudioVersion = 10.0.40219.1
Project("{FAE04EC0-301F-11D3-BF4B-00C04F79EFBC}") = "Project Sentinel", "Project Sentinel\Project Sentinel.csproj", "{26BF3BD5-55CD-4B4F-8056-E2D5511CA46C}"
EndProject
Global
	GlobalSection(SolutionConfigurationPlatforms) = preSolution
		Debug|Any CPU = Debug|Any CPU
		Release|Any CPU = Release|Any CPU
	EndGlobalSection
	GlobalSection(ProjectConfigurationPlatforms) = postSolution
		{26BF3BD5-55CD-4B4F-8056-E2D5511CA46C}.Debug|Any CPU.ActiveCfg = Debug|Any CPU
		{26BF3BD5-55CD-4B4F-8056-E2D5511CA46C}.Debug|Any CPU.Build.0 = Debug|Any CPU
		{26BF3BD5-55CD-4B4F-8056-E2D5511CA46C}.Release|Any CPU.ActiveCfg = Release|Any CPU
		{26BF3BD5-55CD-4B4F-8056-E2D5511CA46C}.Release|Any CPU.Build.0 = Release|Any CPU
	EndGlobalSection
	GlobalSection(SolutionProperties) = preSolution
		HideSolutionNode = FALSE
	EndGlobalSection
	GlobalSection(ExtensibilityGlobals) = postSolution
		SolutionGuid = {FFACE63F-2A4E-4DE9-8BFC-67139497D634}
	EndGlobalSection
EndGlobal
